6e147cdbaa6d31c1267681ef8b216d9ac76a2231
a1b5325431fda78e4acb3761576e2ed0d663e267
d98dd145a8cd9ab67253ea302b3c22ca4c8158f8
c11d7f2506560f5134690d117ccd38f9dc97f5c2
843734953f76ed0013d750e97c8fbd100ed9959d
3589990ba88ac81641bf3b681bd92acb3de59513
5c70c149bb781be8b4cc556e3948db575f842be9
bc525106c46a9bd499c7e4f5ba45b5ae525cbdd4
0f5a7b1678603a01e67c0bf6dde764ceda8f4288
7e9e0dd3e14cbd6abfd0f4a3c6ff377d7bd32272
8f61985b219d2c876ec02d74ce00fe904247ff89
780354b15c352bb818b1345f766b087ce87a1be8
62b8157d8ca42794c7d6de626ca15d03cd366aba
7eab0d7a2b7a06b9f234b69882cef67fa03fc48d
b734f0efbf7549c287ef42acc3fca502930bf1fc
f78daf50b6e00f999e16766d9634904c004e1bef
2bb8235f0b37a3f255aabc1da7646107df7d2f31
89bbbf91f0ded3cb4c23767f95f77e5a00d7a0c9
7517ab6d5efee2bc86564d20be64fb9de97a4111
adf7d951b0ee2dfdb2f15e1853741e34d2dc4bbe
571c6b0795b6832396318f38636bf794104cfab1